
Microsoft Visual Studio Solution File, Format Version 12.00
# Visual Studio Version 16
VisualStudioVersion = 16.0.33927.289
MinimumVisualStudioVersion = 10.0.40219.1
Project("{2150E333-8FDC-42A3-9474-1A3956D46DE8}") = "Task0", "Task0", "{F1F89159-F737-4B94-B333-EEE1CE5152E4}"
EndProject
Project("{FAE04EC0-301F-11D3-BF4B-00C04F79EFBC}") = "Tyuiu.ShaukerovaAN.Sprint1.Task0.V18", "Tyuiu.ShaukerovaAN.Sprint1.Task0.V18\Tyuiu.ShaukerovaAN.Sprint1.Task0.V18.csproj", "{F237A3D6-FB19-4C83-A757-8FC1A4D744BD}"
EndProject
Project("{FAE04EC0-301F-11D3-BF4B-00C04F79EFBC}") = "Tyuiu.ShaukerovaAN.Sprint1.Task0.V18.Lib", "Tyuiu.ShaukerovaAN.Sprint1.Task0.V18.Lib\Tyuiu.ShaukerovaAN.Sprint1.Task0.V18.Lib.csproj", "{865CA583-36DB-46E8-AD8E-FE80AE3D372D}"
EndProject
Project("{FAE04EC0-301F-11D3-BF4B-00C04F79EFBC}") = "Tyuiu.ShaukerovaAN.Sprint1.Task0.V18.Test", "Tyuiu.ShaukerovaAN.Sprint1.Task0.V18.Test\Tyuiu.ShaukerovaAN.Sprint1.Task0.V18.Test.csproj", "{BF57D3F1-C10A-4BFA-BD26-DDCCAD1199A3}"
EndProject
Project("{2150E333-8FDC-42A3-9474-1A3956D46DE8}") = "Task1", "Task1", "{EEC1F950-2431-4F3C-8E1E-F3D03E966171}"
EndProject
Project("{FAE04EC0-301F-11D3-BF4B-00C04F79EFBC}") = "Tyuiu.ShaukerovaAN.Sprint1.Task1.V1", "Tyuiu.ShaukerovaAN.Sprint1.Task1.V1\Tyuiu.ShaukerovaAN.Sprint1.Task1.V1.csproj", "{3A247321-780B-44D2-929B-3944F1ED942A}"
EndProject
Project("{FAE04EC0-301F-11D3-BF4B-00C04F79EFBC}") = "Tyuiu.ShaukerovaAN.Sprint1.Task1.V1.Lib", "Tyuiu.ShaukerovaAN.Sprint1.Task1.V1.Lib\Tyuiu.ShaukerovaAN.Sprint1.Task1.V1.Lib.csproj", "{3A125C40-6390-41F8-8925-79644EFBAC00}"
EndProject
Project("{FAE04EC0-301F-11D3-BF4B-00C04F79EFBC}") = "Tyuiu.ShaukerovaAN.Sprint1.Task1.V1.Test", "Tyuiu.ShaukerovaAN.Sprint1.Task1.V1.Test\Tyuiu.ShaukerovaAN.Sprint1.Task1.V1.Test.csproj", "{B65A8F82-885C-4B75-84D9-4364EAC2DF8E}"
EndProject
Project("{2150E333-8FDC-42A3-9474-1A3956D46DE8}") = "Task2", "Task2", "{4475976F-8B98-4501-B117-3D16277094DB}"
EndProject
Project("{FAE04EC0-301F-11D3-BF4B-00C04F79EFBC}") = "Tyuiu.ShaukerovaAN.Sprint1.Task2.V24", "Tyuiu.ShaukerovaAN.Sprint1.Task2.V24\Tyuiu.ShaukerovaAN.Sprint1.Task2.V24.csproj", "{1CE754C9-7A39-432D-8B4F-C0FB70B0D035}"
EndProject
Project("{FAE04EC0-301F-11D3-BF4B-00C04F79EFBC}") = "Tyuiu.ShaukerovaAN.Sprint1.Task2.V24.Lib", "Tyuiu.ShaukerovaAN.Sprint1.Task2.V24.Lib\Tyuiu.ShaukerovaAN.Sprint1.Task2.V24.Lib.csproj", "{E99191CD-7C74-4B05-AA34-10DD8FEDC17A}"
EndProject
Project("{FAE04EC0-301F-11D3-BF4B-00C04F79EFBC}") = "Tyuiu.ShaukerovaAN.Sprint1.Task2.V24.Test", "Tyuiu.ShaukerovaAN.Sprint1.Task2.V24.Test\Tyuiu.ShaukerovaAN.Sprint1.Task2.V24.Test.csproj", "{8A853DEF-1C56-4BEF-A95B-3FB9BC8183FE}"
EndProject
Project("{2150E333-8FDC-42A3-9474-1A3956D46DE8}") = "Task3", "Task3", "{46D30979-6D82-4081-967C-CC939B8AC1A6}"
EndProject
Project("{FAE04EC0-301F-11D3-BF4B-00C04F79EFBC}") = "Tyuiu.ShaukerovaAN.Sprint1.Task3.V15", "Tyuiu.ShaukerovaAN.Sprint1.Task3.V15\Tyuiu.ShaukerovaAN.Sprint1.Task3.V15.csproj", "{807713B5-7072-4C1C-8470-C3233DFCFAAE}"
EndProject
Project("{FAE04EC0-301F-11D3-BF4B-00C04F79EFBC}") = "Tyuiu.ShaukerovaAN.Sprint1.Task3.V15.Lib", "Tyuiu.ShaukerovaAN.Sprint1.Task3.V15.Lib\Tyuiu.ShaukerovaAN.Sprint1.Task3.V15.Lib.csproj", "{555DC784-D4C2-4EC0-A495-627A8CC83A0C}"
EndProject
Project("{FAE04EC0-301F-11D3-BF4B-00C04F79EFBC}") = "Tyuiu.ShaukerovaAN.Sprint1.Task3.V15.Test", "Tyuiu.ShaukerovaAN.Sprint1.Task3.V15.Test\Tyuiu.ShaukerovaAN.Sprint1.Task3.V15.Test.csproj", "{FE506D21-ED88-429A-A776-914CA67A0550}"
EndProject
Global
	GlobalSection(SolutionConfigurationPlatforms) = preSolution
		Debug|Any CPU = Debug|Any CPU
		Release|Any CPU = Release|Any CPU
	EndGlobalSection
	GlobalSection(ProjectConfigurationPlatforms) = postSolution
		{F237A3D6-FB19-4C83-A757-8FC1A4D744BD}.Debug|Any CPU.ActiveCfg = Debug|Any CPU
		{F237A3D6-FB19-4C83-A757-8FC1A4D744BD}.Debug|Any CPU.Build.0 = Debug|Any CPU
		{F237A3D6-FB19-4C83-A757-8FC1A4D744BD}.Release|Any CPU.ActiveCfg = Release|Any CPU
		{F237A3D6-FB19-4C83-A757-8FC1A4D744BD}.Release|Any CPU.Build.0 = Release|Any CPU
		{865CA583-36DB-46E8-AD8E-FE80AE3D372D}.Debug|Any CPU.ActiveCfg = Debug|Any CPU
		{865CA583-36DB-46E8-AD8E-FE80AE3D372D}.Debug|Any CPU.Build.0 = Debug|Any CPU
		{865CA583-36DB-46E8-AD8E-FE80AE3D372D}.Release|Any CPU.ActiveCfg = Release|Any CPU
		{865CA583-36DB-46E8-AD8E-FE80AE3D372D}.Release|Any CPU.Build.0 = Release|Any CPU
		{BF57D3F1-C10A-4BFA-BD26-DDCCAD1199A3}.Debug|Any CPU.ActiveCfg = Debug|Any CPU
		{BF57D3F1-C10A-4BFA-BD26-DDCCAD1199A3}.Debug|Any CPU.Build.0 = Debug|Any CPU
		{BF57D3F1-C10A-4BFA-BD26-DDCCAD1199A3}.Release|Any CPU.ActiveCfg = Release|Any CPU
		{BF57D3F1-C10A-4BFA-BD26-DDCCAD1199A3}.Release|Any CPU.Build.0 = Release|Any CPU
		{3A247321-780B-44D2-929B-3944F1ED942A}.Debug|Any CPU.ActiveCfg = Debug|Any CPU
		{3A247321-780B-44D2-929B-3944F1ED942A}.Debug|Any CPU.Build.0 = Debug|Any CPU
		{3A247321-780B-44D2-929B-3944F1ED942A}.Release|Any CPU.ActiveCfg = Release|Any CPU
		{3A247321-780B-44D2-929B-3944F1ED942A}.Release|Any CPU.Build.0 = Release|Any CPU
		{3A125C40-6390-41F8-8925-79644EFBAC00}.Debug|Any CPU.ActiveCfg = Debug|Any CPU
		{3A125C40-6390-41F8-8925-79644EFBAC00}.Debug|Any CPU.Build.0 = Debug|Any CPU
		{3A125C40-6390-41F8-8925-79644EFBAC00}.Release|Any CPU.ActiveCfg = Release|Any CPU
		{3A125C40-6390-41F8-8925-79644EFBAC00}.Release|Any CPU.Build.0 = Release|Any CPU
		{B65A8F82-885C-4B75-84D9-4364EAC2DF8E}.Debug|Any CPU.ActiveCfg = Debug|Any CPU
		{B65A8F82-885C-4B75-84D9-4364EAC2DF8E}.Debug|Any CPU.Build.0 = Debug|Any CPU
		{B65A8F82-885C-4B75-84D9-4364EAC2DF8E}.Release|Any CPU.ActiveCfg = Release|Any CPU
		{B65A8F82-885C-4B75-84D9-4364EAC2DF8E}.Release|Any CPU.Build.0 = Release|Any CPU
		{1CE754C9-7A39-432D-8B4F-C0FB70B0D035}.Debug|Any CPU.ActiveCfg = Debug|Any CPU
		{1CE754C9-7A39-432D-8B4F-C0FB70B0D035}.Debug|Any CPU.Build.0 = Debug|Any CPU
		{1CE754C9-7A39-432D-8B4F-C0FB70B0D035}.Release|Any CPU.ActiveCfg = Release|Any CPU
		{1CE754C9-7A39-432D-8B4F-C0FB70B0D035}.Release|Any CPU.Build.0 = Release|Any CPU
		{E99191CD-7C74-4B05-AA34-10DD8FEDC17A}.Debug|Any CPU.ActiveCfg = Debug|Any CPU
		{E99191CD-7C74-4B05-AA34-10DD8FEDC17A}.Debug|Any CPU.Build.0 = Debug|Any CPU
		{E99191CD-7C74-4B05-AA34-10DD8FEDC17A}.Release|Any CPU.ActiveCfg = Release|Any CPU
		{E99191CD-7C74-4B05-AA34-10DD8FEDC17A}.Release|Any CPU.Build.0 = Release|Any CPU
		{8A853DEF-1C56-4BEF-A95B-3FB9BC8183FE}.Debug|Any CPU.ActiveCfg = Debug|Any CPU
		{8A853DEF-1C56-4BEF-A95B-3FB9BC8183FE}.Debug|Any CPU.Build.0 = Debug|Any CPU
		{8A853DEF-1C56-4BEF-A95B-3FB9BC8183FE}.Release|Any CPU.ActiveCfg = Release|Any CPU
		{8A853DEF-1C56-4BEF-A95B-3FB9BC8183FE}.Release|Any CPU.Build.0 = Release|Any CPU
		{807713B5-7072-4C1C-8470-C3233DFCFAAE}.Debug|Any CPU.ActiveCfg = Debug|Any CPU
		{807713B5-7072-4C1C-8470-C3233DFCFAAE}.Debug|Any CPU.Build.0 = Debug|Any CPU
		{807713B5-7072-4C1C-8470-C3233DFCFAAE}.Release|Any CPU.ActiveCfg = Release|Any CPU
		{807713B5-7072-4C1C-8470-C3233DFCFAAE}.Release|Any CPU.Build.0 = Release|Any CPU
		{555DC784-D4C2-4EC0-A495-627A8CC83A0C}.Debug|Any CPU.ActiveCfg = Debug|Any CPU
		{555DC784-D4C2-4EC0-A495-627A8CC83A0C}.Debug|Any CPU.Build.0 = Debug|Any CPU
		{555DC784-D4C2-4EC0-A495-627A8CC83A0C}.Release|Any CPU.ActiveCfg = Release|Any CPU
		{555DC784-D4C2-4EC0-A495-627A8CC83A0C}.Release|Any CPU.Build.0 = Release|Any CPU
		{FE506D21-ED88-429A-A776-914CA67A0550}.Debug|Any CPU.ActiveCfg = Debug|Any CPU
		{FE506D21-ED88-429A-A776-914CA67A0550}.Debug|Any CPU.Build.0 = Debug|Any CPU
		{FE506D21-ED88-429A-A776-914CA67A0550}.Release|Any CPU.ActiveCfg = Release|Any CPU
		{FE506D21-ED88-429A-A776-914CA67A0550}.Release|Any CPU.Build.0 = Release|Any CPU
	EndGlobalSection
	GlobalSection(SolutionProperties) = preSolution
		HideSolutionNode = FALSE
	EndGlobalSection
	GlobalSection(NestedProjects) = preSolution
		{F237A3D6-FB19-4C83-A757-8FC1A4D744BD} = {F1F89159-F737-4B94-B333-EEE1CE5152E4}
		{865CA583-36DB-46E8-AD8E-FE80AE3D372D} = {F1F89159-F737-4B94-B333-EEE1CE5152E4}
		{BF57D3F1-C10A-4BFA-BD26-DDCCAD1199A3} = {F1F89159-F737-4B94-B333-EEE1CE5152E4}
		{3A247321-780B-44D2-929B-3944F1ED942A} = {EEC1F950-2431-4F3C-8E1E-F3D03E966171}
		{3A125C40-6390-41F8-8925-79644EFBAC00} = {EEC1F950-2431-4F3C-8E1E-F3D03E966171}
		{B65A8F82-885C-4B75-84D9-4364EAC2DF8E} = {EEC1F950-2431-4F3C-8E1E-F3D03E966171}
		{1CE754C9-7A39-432D-8B4F-C0FB70B0D035} = {4475976F-8B98-4501-B117-3D16277094DB}
		{E99191CD-7C74-4B05-AA34-10DD8FEDC17A} = {4475976F-8B98-4501-B117-3D16277094DB}
		{8A853DEF-1C56-4BEF-A95B-3FB9BC8183FE} = {4475976F-8B98-4501-B117-3D16277094DB}
		{807713B5-7072-4C1C-8470-C3233DFCFAAE} = {46D30979-6D82-4081-967C-CC939B8AC1A6}
		{555DC784-D4C2-4EC0-A495-627A8CC83A0C} = {46D30979-6D82-4081-967C-CC939B8AC1A6}
		{FE506D21-ED88-429A-A776-914CA67A0550} = {46D30979-6D82-4081-967C-CC939B8AC1A6}
	EndGlobalSection
	GlobalSection(ExtensibilityGlobals) = postSolution
		SolutionGuid = {D4194EF1-BE8E-4E7C-92F9-55CECEC210E4}
	EndGlobalSection
EndGlobal
